{
  "name": "hajongon.github.io",
  "lockfileVersion": 2,
  "requires": true,
  "packages": {
    "": {
      "dependencies": {
        "tocbot": "^4.20.1"
      }
    },
    "node_modules/tocbot": {
      "version": "4.20.1",
      "resolved": "https://registry.npmjs.org/tocbot/-/tocbot-4.20.1.tgz",
      "integrity": "sha512-as1pH/qL0EL7zmMheK+EaMPPmvC9pzEpR98dA7z4DWemUdySi6Ipnk0WIc6AyQegQ7C2nNDuAL0WIo44poeEUg=="
    }
  },
  "dependencies": {
    "tocbot": {
      "version": "4.20.1",
      "resolved": "https://registry.npmjs.org/tocbot/-/tocbot-4.20.1.tgz",
      "integrity": "sha512-as1pH/qL0EL7zmMheK+EaMPPmvC9pzEpR98dA7z4DWemUdySi6Ipnk0WIc6AyQegQ7C2nNDuAL0WIo44poeEUg=="
    }
  }
}
